// !$*UTF8*$!
{
	archiveVersion = 1;
	classes = {
	};
	objectVersion = 51;
	objects = {

/* Begin PBXBuildFile section */
		CFA1E5D3252D0134006B4BD1 /* AppDelegate.swift in Sources */ = {isa = PBXBuildFile; fileRef = CFA1E5D2252D0134006B4BD1 /* AppDelegate.swift */; };
		CFA1E5D5252D0134006B4BD1 /* SceneDelegate.swift in Sources */ = {isa = PBXBuildFile; fileRef = CFA1E5D4252D0134006B4BD1 /* SceneDelegate.swift */; };
		CFA1E5D7252D0134006B4BD1 /* ViewController.swift in Sources */ = {isa = PBXBuildFile; fileRef = CFA1E5D6252D0134006B4BD1 /* ViewController.swift */; };
		CFA1E5DA252D0134006B4BD1 /* Main.storyboard in Resources */ = {isa = PBXBuildFile; fileRef = CFA1E5D8252D0134006B4BD1 /* Main.storyboard */; };
		CFA1E5DC252D0134006B4BD1 /* Assets.xcassets in Resources */ = {isa = PBXBuildFile; fileRef = CFA1E5DB252D0134006B4BD1 /* Assets.xcassets */; };
		CFA1E5DF252D0134006B4BD1 /* LaunchScreen.storyboard in Resources */ = {isa = PBXBuildFile; fileRef = CFA1E5DD252D0134006B4BD1 /* LaunchScreen.storyboard */; };
		CFA1E5EA252D0134006B4BD1 /* ForcaTests.swift in Sources */ = {isa = PBXBuildFile; fileRef = CFA1E5E9252D0134006B4BD1 /* ForcaTests.swift */; };
		CFA1E5F5252D0135006B4BD1 /* ForcaUITests.swift in Sources */ = {isa = PBXBuildFile; fileRef = CFA1E5F4252D0134006B4BD1 /* ForcaUITests.swift */; };
		CFA1E606252D1DE9006B4BD1 /* UIViewController+Keyboard.swift in Sources */ = {isa = PBXBuildFile; fileRef = CFA1E605252D1DE9006B4BD1 /* UIViewController+Keyboard.swift */; };
		CFE5D77C252FABB000B90FC5 /* String+AttributedText.swift in Sources */ = {isa = PBXBuildFile; fileRef = CFE5D77B252FABB000B90FC5 /* String+AttributedText.swift */; };
		CFE5D785252FB05E00B90FC5 /* ForcaGame.swift in Sources */ = {isa = PBXBuildFile; fileRef = CFE5D784252FB05E00B90FC5 /* ForcaGame.swift */; };
		CFE5D78A252FBAD500B90FC5 /* Functions.swift in Sources */ = {isa = PBXBuildFile; fileRef = CFE5D789252FBAD500B90FC5 /* Functions.swift */; };
		E25B1681680C57875DDEFE01 /* Pods_Forca_ForcaUITests.framework in Frameworks */ = {isa = PBXBuildFile; fileRef = 992AB2B2DC4D1ECDD12552D8 /* Pods_Forca_ForcaUITests.framework */; };
		EA96AA0CFEA4E14F1A9F3F7C /* Pods_Forca.framework in Frameworks */ = {isa = PBXBuildFile; fileRef = 91E663DEAF81C7275E63A130 /* Pods_Forca.framework */; };
		EE7DB52CE29DE10AFE6105BD /* Pods_ForcaTests.framework in Frameworks */ = {isa = PBXBuildFile; fileRef = F59134B6DC27D84E7F34123F /* Pods_ForcaTests.framework */; };
/* End PBXBuildFile section */

/* Begin PBXContainerItemProxy section */
		CFA1E5E6252D0134006B4BD1 /* PBXContainerItemProxy */ = {
			isa = PBXContainerItemProxy;
			containerPortal = CFA1E5C7252D0134006B4BD1 /* Project object */;
			proxyType = 1;
			remoteGlobalIDString = CFA1E5CE252D0134006B4BD1;
			remoteInfo = Forca;
		};
		CFA1E5F1252D0134006B4BD1 /* PBXContainerItemProxy */ = {
			isa = PBXContainerItemProxy;
			containerPortal = CFA1E5C7252D0134006B4BD1 /* Project object */;
			proxyType = 1;
			remoteGlobalIDString = CFA1E5CE252D0134006B4BD1;
			remoteInfo = Forca;
		};
/* End PBXContainerItemProxy section */

/* Begin PBXFileReference section */
		16086D20AE82217FD8271D34 /* Pods-Forca.release.xcconfig */ = {isa = PBXFileReference; includeInIndex = 1; lastKnownFileType = text.xcconfig; name = "Pods-Forca.release.xcconfig"; path = "Target Support Files/Pods-Forca/Pods-Forca.release.xcconfig"; sourceTree = "<group>"; };
		72D1F8AD3BBB439E55022815 /* Pods-ForcaTests.debug.xcconfig */ = {isa = PBXFileReference; includeInIndex = 1; lastKnownFileType = text.xcconfig; name = "Pods-ForcaTests.debug.xcconfig"; path = "Target Support Files/Pods-ForcaTests/Pods-ForcaTests.debug.xcconfig"; sourceTree = "<group>"; };
		7B34ED0398D2E6714DEF2E3B /* Pods-Forca.debug.xcconfig */ = {isa = PBXFileReference; includeInIndex = 1; lastKnownFileType = text.xcconfig; name = "Pods-Forca.debug.xcconfig"; path = "Target Support Files/Pods-Forca/Pods-Forca.debug.xcconfig"; sourceTree = "<group>"; };
		7D0057451CE65A62664944BB /* Pods-Forca-ForcaUITests.release.xcconfig */ = {isa = PBXFileReference; includeInIndex = 1; lastKnownFileType = text.xcconfig; name = "Pods-Forca-ForcaUITests.release.xcconfig"; path = "Target Support Files/Pods-Forca-ForcaUITests/Pods-Forca-ForcaUITests.release.xcconfig"; sourceTree = "<group>"; };
		91E663DEAF81C7275E63A130 /* Pods_Forca.framework */ = {isa = PBXFileReference; explicitFileType = wrapper.framework; includeInIndex = 0; path = Pods_Forca.framework; sourceTree = BUILT_PRODUCTS_DIR; };
		992AB2B2DC4D1ECDD12552D8 /* Pods_Forca_ForcaUITests.framework */ = {isa = PBXFileReference; explicitFileType = wrapper.framework; includeInIndex = 0; path = Pods_Forca_ForcaUITests.framework; sourceTree = BUILT_PRODUCTS_DIR; };
		CB63E8F9A8B1A9C8B6F13E11 /* Pods-ForcaTests.release.xcconfig */ = {isa = PBXFileReference; includeInIndex = 1; lastKnownFileType = text.xcconfig; name = "Pods-ForcaTests.release.xcconfig"; path = "Target Support Files/Pods-ForcaTests/Pods-ForcaTests.release.xcconfig"; sourceTree = "<group>"; };
		CFA1E5CF252D0134006B4BD1 /* Forca.app */ = {isa = PBXFileReference; explicitFileType = wrapper.application; includeInIndex = 0; path = Forca.app; sourceTree = BUILT_PRODUCTS_DIR; };
		CFA1E5D2252D0134006B4BD1 /* AppDelegate.swift */ = {isa = PBXFileReference; lastKnownFileType = sourcecode.swift; path = AppDelegate.swift; sourceTree = "<group>"; };
		CFA1E5D4252D0134006B4BD1 /* SceneDelegate.swift */ = {isa = PBXFileReference; lastKnownFileType = sourcecode.swift; path = SceneDelegate.swift; sourceTree = "<group>"; };
		CFA1E5D6252D0134006B4BD1 /* ViewController.swift */ = {isa = PBXFileReference; lastKnownFileType = sourcecode.swift; path = ViewController.swift; sourceTree = "<group>"; };
		CFA1E5D9252D0134006B4BD1 /* Base */ = {isa = PBXFileReference; lastKnownFileType = file.storyboard; name = Base; path = Base.lproj/Main.storyboard; sourceTree = "<group>"; };
		CFA1E5DB252D0134006B4BD1 /* Assets.xcassets */ = {isa = PBXFileReference; lastKnownFileType = folder.assetcatalog; path = Assets.xcassets; sourceTree = "<group>"; };
		CFA1E5DE252D0134006B4BD1 /* Base */ = {isa = PBXFileReference; lastKnownFileType = file.storyboard; name = Base; path = Base.lproj/LaunchScreen.storyboard; sourceTree = "<group>"; };
		CFA1E5E0252D0134006B4BD1 /* Info.plist */ = {isa = PBXFileReference; lastKnownFileType = text.plist.xml; path = Info.plist; sourceTree = "<group>"; };
		CFA1E5E5252D0134006B4BD1 /* ForcaTests.xctest */ = {isa = PBXFileReference; explicitFileType = wrapper.cfbundle; includeInIndex = 0; path = ForcaTests.xctest; sourceTree = BUILT_PRODUCTS_DIR; };
		CFA1E5E9252D0134006B4BD1 /* ForcaTests.swift */ = {isa = PBXFileReference; lastKnownFileType = sourcecode.swift; path = ForcaTests.swift; sourceTree = "<group>"; };
		CFA1E5EB252D0134006B4BD1 /* Info.plist */ = {isa = PBXFileReference; lastKnownFileType = text.plist.xml; path = Info.plist; sourceTree = "<group>"; };
		CFA1E5F0252D0134006B4BD1 /* ForcaUITests.xctest */ = {isa = PBXFileReference; explicitFileType = wrapper.cfbundle; includeInIndex = 0; path = ForcaUITests.xctest; sourceTree = BUILT_PRODUCTS_DIR; };
		CFA1E5F4252D0134006B4BD1 /* ForcaUITests.swift */ = {isa = PBXFileReference; lastKnownFileType = sourcecode.swift; path = ForcaUITests.swift; sourceTree = "<group>"; };
		CFA1E5F6252D0135006B4BD1 /* Info.plist */ = {isa = PBXFileReference; lastKnownFileType = text.plist.xml; path = Info.plist; sourceTree = "<group>"; };
		CFA1E605252D1DE9006B4BD1 /* UIViewController+Keyboard.swift */ = {isa = PBXFileReference; lastKnownFileType = sourcecode.swift; path = "UIViewController+Keyboard.swift"; sourceTree = "<group>"; };
		CFE5D77B252FABB000B90FC5 /* String+AttributedText.swift */ = {isa = PBXFileReference; lastKnownFileType = sourcecode.swift; path = "String+AttributedText.swift"; sourceTree = "<group>"; };
		CFE5D784252FB05E00B90FC5 /* ForcaGame.swift */ = {isa = PBXFileReference; lastKnownFileType = sourcecode.swift; path = ForcaGame.swift; sourceTree = "<group>"; };
		CFE5D789252FBAD500B90FC5 /* Functions.swift */ = {isa = PBXFileReference; lastKnownFileType = sourcecode.swift; path = Functions.swift; sourceTree = "<group>"; };
		D4F178A21EE7343D1B5E4A24 /* Pods-Forca-ForcaUITests.debug.xcconfig */ = {isa = PBXFileReference; includeInIndex = 1; lastKnownFileType = text.xcconfig; name = "Pods-Forca-ForcaUITests.debug.xcconfig"; path = "Target Support Files/Pods-Forca-ForcaUITests/Pods-Forca-ForcaUITests.debug.xcconfig"; sourceTree = "<group>"; };
		F59134B6DC27D84E7F34123F /* Pods_ForcaTests.framework */ = {isa = PBXFileReference; explicitFileType = wrapper.framework; includeInIndex = 0; path = Pods_ForcaTests.framework; sourceTree = BUILT_PRODUCTS_DIR; };
/* End PBXFileReference section */

/* Begin PBXFrameworksBuildPhase section */
		CFA1E5CC252D0134006B4BD1 /* Frameworks */ = {
			isa = PBXFrameworksBuildPhase;
			buildActionMask = 2147483647;
			files = (
				EA96AA0CFEA4E14F1A9F3F7C /* Pods_Forca.framework in Frameworks */,
			);
			runOnlyForDeploymentPostprocessing = 0;
		};
		CFA1E5E2252D0134006B4BD1 /* Frameworks */ = {
			isa = PBXFrameworksBuildPhase;
			buildActionMask = 2147483647;
			files = (
				EE7DB52CE29DE10AFE6105BD /* Pods_ForcaTests.framework in Frameworks */,
			);
			runOnlyForDeploymentPostprocessing = 0;
		};
		CFA1E5ED252D0134006B4BD1 /* Frameworks */ = {
			isa = PBXFrameworksBuildPhase;
			buildActionMask = 2147483647;
			files = (
				E25B1681680C57875DDEFE01 /* Pods_Forca_ForcaUITests.framework in Frameworks */,
			);
			runOnlyForDeploymentPostprocessing = 0;
		};
/* End PBXFrameworksBuildPhase section */

/* Begin PBXGroup section */
		4637A1CD4F60384736C13C72 /* Pods */ = {
			isa = PBXGroup;
			children = (
				7B34ED0398D2E6714DEF2E3B /* Pods-Forca.debug.xcconfig */,
				16086D20AE82217FD8271D34 /* Pods-Forca.release.xcconfig */,
				D4F178A21EE7343D1B5E4A24 /* Pods-Forca-ForcaUITests.debug.xcconfig */,
				7D0057451CE65A62664944BB /* Pods-Forca-ForcaUITests.release.xcconfig */,
				72D1F8AD3BBB439E55022815 /* Pods-ForcaTests.debug.xcconfig */,
				CB63E8F9A8B1A9C8B6F13E11 /* Pods-ForcaTests.release.xcconfig */,
			);
			path = Pods;
			sourceTree = "<group>";
		};
		952EBEA269C46C79E2D71421 /* Frameworks */ = {
			isa = PBXGroup;
			children = (
				91E663DEAF81C7275E63A130 /* Pods_Forca.framework */,
				992AB2B2DC4D1ECDD12552D8 /* Pods_Forca_ForcaUITests.framework */,
				F59134B6DC27D84E7F34123F /* Pods_ForcaTests.framework */,
			);
			name = Frameworks;
			sourceTree = "<group>";
		};
		CFA1E5C6252D0134006B4BD1 = {
			isa = PBXGroup;
			children = (
				CFA1E5D1252D0134006B4BD1 /* Forca */,
				CFA1E5E8252D0134006B4BD1 /* ForcaTests */,
				CFA1E5F3252D0134006B4BD1 /* ForcaUITests */,
				CFA1E5D0252D0134006B4BD1 /* Products */,
				4637A1CD4F60384736C13C72 /* Pods */,
				952EBEA269C46C79E2D71421 /* Frameworks */,
			);
			sourceTree = "<group>";
		};
		CFA1E5D0252D0134006B4BD1 /* Products */ = {
			isa = PBXGroup;
			children = (
				CFA1E5CF252D0134006B4BD1 /* Forca.app */,
				CFA1E5E5252D0134006B4BD1 /* ForcaTests.xctest */,
				CFA1E5F0252D0134006B4BD1 /* ForcaUITests.xctest */,
			);
			name = Products;
			sourceTree = "<group>";
		};
		CFA1E5D1252D0134006B4BD1 /* Forca */ = {
			isa = PBXGroup;
			children = (
				CFE5D783252FB04400B90FC5 /* Models */,
				CFE5D77A252FAB4500B90FC5 /* Extensions */,
				CFA1E5D2252D0134006B4BD1 /* AppDelegate.swift */,
				CFA1E5D4252D0134006B4BD1 /* SceneDelegate.swift */,
				CFA1E5D6252D0134006B4BD1 /* ViewController.swift */,
				CFA1E5D8252D0134006B4BD1 /* Main.storyboard */,
				CFA1E5DB252D0134006B4BD1 /* Assets.xcassets */,
				CFA1E5DD252D0134006B4BD1 /* LaunchScreen.storyboard */,
				CFA1E5E0252D0134006B4BD1 /* Info.plist */,
			);
			path = Forca;
			sourceTree = "<group>";
		};
		CFA1E5E8252D0134006B4BD1 /* ForcaTests */ = {
			isa = PBXGroup;
			children = (
				CFA1E5E9252D0134006B4BD1 /* ForcaTests.swift */,
				CFA1E5EB252D0134006B4BD1 /* Info.plist */,
			);
			path = ForcaTests;
			sourceTree = "<group>";
		};
		CFA1E5F3252D0134006B4BD1 /* ForcaUITests */ = {
			isa = PBXGroup;
			children = (
				CFA1E5F4252D0134006B4BD1 /* ForcaUITests.swift */,
				CFA1E5F6252D0135006B4BD1 /* Info.plist */,
			);
			path = ForcaUITests;
			sourceTree = "<group>";
		};
		CFE5D77A252FAB4500B90FC5 /* Extensions */ = {
			isa = PBXGroup;
			children = (
				CFA1E605252D1DE9006B4BD1 /* UIViewController+Keyboard.swift */,
				CFE5D77B252FABB000B90FC5 /* String+AttributedText.swift */,
				CFE5D789252FBAD500B90FC5 /* Functions.swift */,
			);
			path = Extensions;
			sourceTree = "<group>";
		};
		CFE5D783252FB04400B90FC5 /* Models */ = {
			isa = PBXGroup;
			children = (
				CFE5D784252FB05E00B90FC5 /* ForcaGame.swift */,
			);
			path = Models;
			sourceTree = "<group>";
		};
/* End PBXGroup section */

/* Begin PBXNativeTarget section */
		CFA1E5CE252D0134006B4BD1 /* Forca */ = {
			isa = PBXNativeTarget;
			buildConfigurationList = CFA1E5F9252D0135006B4BD1 /* Build configuration list for PBXNativeTarget "Forca" */;
			buildPhases = (
				EC3FD78DB8FAB30A72B9EE0F /* [CP] Check Pods Manifest.lock */,
				CFA1E5CB252D0134006B4BD1 /* Sources */,
				CFA1E5CC252D0134006B4BD1 /* Frameworks */,
				CFA1E5CD252D0134006B4BD1 /* Resources */,
			);
			buildRules = (
			);
			dependencies = (
			);
			name = Forca;
			productName = Forca;
			productReference = CFA1E5CF252D0134006B4BD1 /* Forca.app */;
			productType = "com.apple.product-type.application";
		};
		CFA1E5E4252D0134006B4BD1 /* ForcaTests */ = {
			isa = PBXNativeTarget;
			buildConfigurationList = CFA1E5FC252D0135006B4BD1 /* Build configuration list for PBXNativeTarget "ForcaTests" */;
			buildPhases = (
				0708458E854BEF6828016917 /* [CP] Check Pods Manifest.lock */,
				CFA1E5E1252D0134006B4BD1 /* Sources */,
				CFA1E5E2252D0134006B4BD1 /* Frameworks */,
				CFA1E5E3252D0134006B4BD1 /* Resources */,
				2E672A841E795D0B32F55E5E /* [CP] Embed Pods Frameworks */,
			);
			buildRules = (
			);
			dependencies = (
				CFA1E5E7252D0134006B4BD1 /* PBXTargetDependency */,
			);
			name = ForcaTests;
			productName = ForcaTests;
			productReference = CFA1E5E5252D0134006B4BD1 /* ForcaTests.xctest */;
			productType = "com.apple.product-type.bundle.unit-test";
		};
		CFA1E5EF252D0134006B4BD1 /* ForcaUITests */ = {
			isa = PBXNativeTarget;
			buildConfigurationList = CFA1E5FF252D0135006B4BD1 /* Build configuration list for PBXNativeTarget "ForcaUITests" */;
			buildPhases = (
				A4BE8A9EC1C12AF494486DA2 /* [CP] Check Pods Manifest.lock */,
				CFA1E5EC252D0134006B4BD1 /* Sources */,
				CFA1E5ED252D0134006B4BD1 /* Frameworks */,
				CFA1E5EE252D0134006B4BD1 /* Resources */,
			);
			buildRules = (
			);
			dependencies = (
				CFA1E5F2252D0134006B4BD1 /* PBXTargetDependency */,
			);
			name = ForcaUITests;
			productName = ForcaUITests;
			productReference = CFA1E5F0252D0134006B4BD1 /* ForcaUITests.xctest */;
			productType = "com.apple.product-type.bundle.ui-testing";
		};
/* End PBXNativeTarget section */

/* Begin PBXProject section */
		CFA1E5C7252D0134006B4BD1 /* Project object */ = {
			isa = PBXProject;
			attributes = {
				LastSwiftUpdateCheck = 1200;
				LastUpgradeCheck = 1200;
				TargetAttributes = {
					CFA1E5CE252D0134006B4BD1 = {
						CreatedOnToolsVersion = 12.0.1;
					};
					CFA1E5E4252D0134006B4BD1 = {
						CreatedOnToolsVersion = 12.0.1;
						TestTargetID = CFA1E5CE252D0134006B4BD1;
					};
					CFA1E5EF252D0134006B4BD1 = {
						CreatedOnToolsVersion = 12.0.1;
						TestTargetID = CFA1E5CE252D0134006B4BD1;
					};
				};
			};
			buildConfigurationList = CFA1E5CA252D0134006B4BD1 /* Build configuration list for PBXProject "Forca" */;
			compatibilityVersion = "Xcode 9.3";
			developmentRegion = en;
			hasScannedForEncodings = 0;
			knownRegions = (
				en,
				Base,
			);
			mainGroup = CFA1E5C6252D0134006B4BD1;
			productRefGroup = CFA1E5D0252D0134006B4BD1 /* Products */;
			projectDirPath = "";
			projectRoot = "";
			targets = (
				CFA1E5CE252D0134006B4BD1 /* Forca */,
				CFA1E5E4252D0134006B4BD1 /* ForcaTests */,
				CFA1E5EF252D0134006B4BD1 /* ForcaUITests */,
			);
		};
/* End PBXProject section */

/* Begin PBXResourcesBuildPhase section */
		CFA1E5CD252D0134006B4BD1 /* Resources */ = {
			isa = PBXResourcesBuildPhase;
			buildActionMask = 2147483647;
			files = (
				CFA1E5DF252D0134006B4BD1 /* LaunchScreen.storyboard in Resources */,
				CFA1E5DC252D0134006B4BD1 /* Assets.xcassets in Resources */,
				CFA1E5DA252D0134006B4BD1 /* Main.storyboard in Resources */,
			);
			runOnlyForDeploymentPostprocessing = 0;
		};
		CFA1E5E3252D0134006B4BD1 /* Resources */ = {
			isa = PBXResourcesBuildPhase;
			buildActionMask = 2147483647;
			files = (
			);
			runOnlyForDeploymentPostprocessing = 0;
		};
		CFA1E5EE252D0134006B4BD1 /* Resources */ = {
			isa = PBXResourcesBuildPhase;
			buildActionMask = 2147483647;
			files = (
			);
			runOnlyForDeploymentPostprocessing = 0;
		};
/* End PBXResourcesBuildPhase section */

/* Begin PBXShellScriptBuildPhase section */
		0708458E854BEF6828016917 /* [CP] Check Pods Manifest.lock */ = {
			isa = PBXShellScriptBuildPhase;
			buildActionMask = 2147483647;
			files = (
			);
			inputFileListPaths = (
			);
			inputPaths = (
				"${PODS_PODFILE_DIR_PATH}/Podfile.lock",
				"${PODS_ROOT}/Manifest.lock",
			);
			name = "[CP] Check Pods Manifest.lock";
			outputFileListPaths = (
			);
			outputPaths = (
				"$(DERIVED_FILE_DIR)/Pods-ForcaTests-checkManifestLockResult.txt",
			);
			runOnlyForDeploymentPostprocessing = 0;
			shellPath = /bin/sh;
			shellScript = "diff \"${PODS_PODFILE_DIR_PATH}/Podfile.lock\" \"${PODS_ROOT}/Manifest.lock\" > /dev/null\nif [ $? != 0 ] ; then\n    # print error to STDERR\n    echo \"error: The sandbox is not in sync with the Podfile.lock. Run 'pod install' or update your CocoaPods installation.\" >&2\n    exit 1\nfi\n# This output is used by Xcode 'outputs' to avoid re-running this script phase.\necho \"SUCCESS\" > \"${SCRIPT_OUTPUT_FILE_0}\"\n";
			showEnvVarsInLog = 0;
		};
		2E672A841E795D0B32F55E5E /* [CP] Embed Pods Frameworks */ = {
			isa = PBXShellScriptBuildPhase;
			buildActionMask = 2147483647;
			files = (
			);
			inputFileListPaths = (
				"${PODS_ROOT}/Target Support Files/Pods-ForcaTests/Pods-ForcaTests-frameworks-${CONFIGURATION}-input-files.xcfilelist",
			);
			name = "[CP] Embed Pods Frameworks";
			outputFileListPaths = (
				"${PODS_ROOT}/Target Support Files/Pods-ForcaTests/Pods-ForcaTests-frameworks-${CONFIGURATION}-output-files.xcfilelist",
			);
			runOnlyForDeploymentPostprocessing = 0;
			shellPath = /bin/sh;
			shellScript = "\"${PODS_ROOT}/Target Support Files/Pods-ForcaTests/Pods-ForcaTests-frameworks.sh\"\n";
			showEnvVarsInLog = 0;
		};
		A4BE8A9EC1C12AF494486DA2 /* [CP] Check Pods Manifest.lock */ = {
			isa = PBXShellScriptBuildPhase;
			buildActionMask = 2147483647;
			files = (
			);
			inputFileListPaths = (
			);
			inputPaths = (
				"${PODS_PODFILE_DIR_PATH}/Podfile.lock",
				"${PODS_ROOT}/Manifest.lock",
			);
			name = "[CP] Check Pods Manifest.lock";
			outputFileListPaths = (
			);
			outputPaths = (
				"$(DERIVED_FILE_DIR)/Pods-Forca-ForcaUITests-checkManifestLockResult.txt",
			);
			runOnlyForDeploymentPostprocessing = 0;
			shellPath = /bin/sh;
			shellScript = "diff \"${PODS_PODFILE_DIR_PATH}/Podfile.lock\" \"${PODS_ROOT}/Manifest.lock\" > /dev/null\nif [ $? != 0 ] ; then\n    # print error to STDERR\n    echo \"error: The sandbox is not in sync with the Podfile.lock. Run 'pod install' or update your CocoaPods installation.\" >&2\n    exit 1\nfi\n# This output is used by Xcode 'outputs' to avoid re-running this script phase.\necho \"SUCCESS\" > \"${SCRIPT_OUTPUT_FILE_0}\"\n";
			showEnvVarsInLog = 0;
		};
		EC3FD78DB8FAB30A72B9EE0F /* [CP] Check Pods Manifest.lock */ = {
			isa = PBXShellScriptBuildPhase;
			buildActionMask = 2147483647;
			files = (
			);
			inputFileListPaths = (
			);
			inputPaths = (
				"${PODS_PODFILE_DIR_PATH}/Podfile.lock",
				"${PODS_ROOT}/Manifest.lock",
			);
			name = "[CP] Check Pods Manifest.lock";
			outputFileListPaths = (
			);
			outputPaths = (
				"$(DERIVED_FILE_DIR)/Pods-Forca-checkManifestLockResult.txt",
			);
			runOnlyForDeploymentPostprocessing = 0;
			shellPath = /bin/sh;
			shellScript = "diff \"${PODS_PODFILE_DIR_PATH}/Podfile.lock\" \"${PODS_ROOT}/Manifest.lock\" > /dev/null\nif [ $? != 0 ] ; then\n    # print error to STDERR\n    echo \"error: The sandbox is not in sync with the Podfile.lock. Run 'pod install' or update your CocoaPods installation.\" >&2\n    exit 1\nfi\n# This output is used by Xcode 'outputs' to avoid re-running this script phase.\necho \"SUCCESS\" > \"${SCRIPT_OUTPUT_FILE_0}\"\n";
			showEnvVarsInLog = 0;
		};
/* End PBXShellScriptBuildPhase section */

/* Begin PBXSourcesBuildPhase section */
		CFA1E5CB252D0134006B4BD1 /* Sources */ = {
			isa = PBXSourcesBuildPhase;
			buildActionMask = 2147483647;
			files = (
				CFA1E5D7252D0134006B4BD1 /* ViewController.swift in Sources */,
				CFA1E5D3252D0134006B4BD1 /* AppDelegate.swift in Sources */,
				CFE5D77C252FABB000B90FC5 /* String+AttributedText.swift in Sources */,
				CFE5D78A252FBAD500B90FC5 /* Functions.swift in Sources */,
				CFA1E5D5252D0134006B4BD1 /* SceneDelegate.swift in Sources */,
				CFA1E606252D1DE9006B4BD1 /* UIViewController+Keyboard.swift in Sources */,
				CFE5D785252FB05E00B90FC5 /* ForcaGame.swift in Sources */,
			);
			runOnlyForDeploymentPostprocessing = 0;
		};
		CFA1E5E1252D0134006B4BD1 /* Sources */ = {
			isa = PBXSourcesBuildPhase;
			buildActionMask = 2147483647;
			files = (
				CFA1E5EA252D0134006B4BD1 /* ForcaTests.swift in Sources */,
			);
			runOnlyForDeploymentPostprocessing = 0;
		};
		CFA1E5EC252D0134006B4BD1 /* Sources */ = {
			isa = PBXSourcesBuildPhase;
			buildActionMask = 2147483647;
			files = (
				CFA1E5F5252D0135006B4BD1 /* ForcaUITests.swift in Sources */,
			);
			runOnlyForDeploymentPostprocessing = 0;
		};
/* End PBXSourcesBuildPhase section */

/* Begin PBXTargetDependency section */
		CFA1E5E7252D0134006B4BD1 /* PBXTargetDependency */ = {
			isa = PBXTargetDependency;
			target = CFA1E5CE252D0134006B4BD1 /* Forca */;
			targetProxy = CFA1E5E6252D0134006B4BD1 /* PBXContainerItemProxy */;
		};
		CFA1E5F2252D0134006B4BD1 /* PBXTargetDependency */ = {
			isa = PBXTargetDependency;
			target = CFA1E5CE252D0134006B4BD1 /* Forca */;
			targetProxy = CFA1E5F1252D0134006B4BD1 /* PBXContainerItemProxy */;
		};
/* End PBXTargetDependency section */

/* Begin PBXVariantGroup section */
		CFA1E5D8252D0134006B4BD1 /* Main.storyboard */ = {
			isa = PBXVariantGroup;
			children = (
				CFA1E5D9252D0134006B4BD1 /* Base */,
			);
			name = Main.storyboard;
			sourceTree = "<group>";
		};
		CFA1E5DD252D0134006B4BD1 /* LaunchScreen.storyboard */ = {
			isa = PBXVariantGroup;
			children = (
				CFA1E5DE252D0134006B4BD1 /* Base */,
			);
			name = LaunchScreen.storyboard;
			sourceTree = "<group>";
		};
/* End PBXVariantGroup section */

/* Begin XCBuildConfiguration section */
		CFA1E5F7252D0135006B4BD1 /* Debug */ = {
			isa = XCBuildConfiguration;
			buildSettings = {
				ALWAYS_SEARCH_USER_PATHS = NO;
				CLANG_ANALYZER_NONNULL = YES;
				CLANG_ANALYZER_NUMBER_OBJECT_CONVERSION = YES_AGGRESSIVE;
				CLANG_CXX_LANGUAGE_STANDARD = "gnu++14";
				CLANG_CXX_LIBRARY = "libc++";
				CLANG_ENABLE_MODULES = YES;
				CLANG_ENABLE_OBJC_ARC = YES;
				CLANG_ENABLE_OBJC_WEAK = YES;
				CLANG_WARN_BLOCK_CAPTURE_AUTORELEASING = YES;
				CLANG_WARN_BOOL_CONVERSION = YES;
				CLANG_WARN_COMMA = YES;
				CLANG_WARN_CONSTANT_CONVERSION = YES;
				CLANG_WARN_DEPRECATED_OBJC_IMPLEMENTATIONS = YES;
				CLANG_WARN_DIRECT_OBJC_ISA_USAGE = YES_ERROR;
				CLANG_WARN_DOCUMENTATION_COMMENTS = YES;
				CLANG_WARN_EMPTY_BODY = YES;
				CLANG_WARN_ENUM_CONVERSION = YES;
				CLANG_WARN_INFINITE_RECURSION = YES;
				CLANG_WARN_INT_CONVERSION = YES;
				CLANG_WARN_NON_LITERAL_NULL_CONVERSION = YES;
				CLANG_WARN_OBJC_IMPLICIT_RETAIN_SELF = YES;
				CLANG_WARN_OBJC_LITERAL_CONVERSION = YES;
				CLANG_WARN_OBJC_ROOT_CLASS = YES_ERROR;
				CLANG_WARN_QUOTED_INCLUDE_IN_FRAMEWORK_HEADER = YES;
				CLANG_WARN_RANGE_LOOP_ANALYSIS = YES;
				CLANG_WARN_STRICT_PROTOTYPES = YES;
				CLANG_WARN_SUSPICIOUS_MOVE = YES;
				CLANG_WARN_UNGUARDED_AVAILABILITY = YES_AGGRESSIVE;
				CLANG_WARN_UNREACHABLE_CODE = YES;
				CLANG_WARN__DUPLICATE_METHOD_MATCH = YES;
				COPY_PHASE_STRIP = NO;
				DEBUG_INFORMATION_FORMAT = dwarf;
				ENABLE_STRICT_OBJC_MSGSEND = YES;
				ENABLE_TESTABILITY = YES;
				GCC_C_LANGUAGE_STANDARD = gnu11;
				GCC_DYNAMIC_NO_PIC = NO;
				GCC_NO_COMMON_BLOCKS = YES;
				GCC_OPTIMIZATION_LEVEL = 0;
				GCC_PREPROCESSOR_DEFINITIONS = (
					"DEBUG=1",
					"$(inherited)",
				);
				GCC_WARN_64_TO_32_BIT_CONVERSION = YES;
				GCC_WARN_ABOUT_RETURN_TYPE = YES_ERROR;
				GCC_WARN_UNDECLARED_SELECTOR = YES;
				GCC_WARN_UNINITIALIZED_AUTOS = YES_AGGRESSIVE;
				GCC_WARN_UNUSED_FUNCTION = YES;
				GCC_WARN_UNUSED_VARIABLE = YES;
				IPHONEOS_DEPLOYMENT_TARGET = 14.0;
				MTL_ENABLE_DEBUG_INFO = INCLUDE_SOURCE;
				MTL_FAST_MATH = YES;
				ONLY_ACTIVE_ARCH = YES;
				SDKROOT = iphoneos;
				SWIFT_ACTIVE_COMPILATION_CONDITIONS = DEBUG;
				SWIFT_OPTIMIZATION_LEVEL = "-Onone";
			};
			name = Debug;
		};
		CFA1E5F8252D0135006B4BD1 /* Release */ = {
			isa = XCBuildConfiguration;
			buildSettings = {
				ALWAYS_SEARCH_USER_PATHS = NO;
				CLANG_ANALYZER_NONNULL = YES;
				CLANG_ANALYZER_NUMBER_OBJECT_CONVERSION = YES_AGGRESSIVE;
				CLANG_CXX_LANGUAGE_STANDARD = "gnu++14";
				CLANG_CXX_LIBRARY = "libc++";
				CLANG_ENABLE_MODULES = YES;
				CLANG_ENABLE_OBJC_ARC = YES;
				CLANG_ENABLE_OBJC_WEAK = YES;
				CLANG_WARN_BLOCK_CAPTURE_AUTORELEASING = YES;
				CLANG_WARN_BOOL_CONVERSION = YES;
				CLANG_WARN_COMMA = YES;
				CLANG_WARN_CONSTANT_CONVERSION = YES;
				CLANG_WARN_DEPRECATED_OBJC_IMPLEMENTATIONS = YES;
				CLANG_WARN_DIRECT_OBJC_ISA_USAGE = YES_ERROR;
				CLANG_WARN_DOCUMENTATION_COMMENTS = YES;
				CLANG_WARN_EMPTY_BODY = YES;
				CLANG_WARN_ENUM_CONVERSION = YES;
				CLANG_WARN_INFINITE_RECURSION = YES;
				CLANG_WARN_INT_CONVERSION = YES;
				CLANG_WARN_NON_LITERAL_NULL_CONVERSION = YES;
				CLANG_WARN_OBJC_IMPLICIT_RETAIN_SELF = YES;
				CLANG_WARN_OBJC_LITERAL_CONVERSION = YES;
				CLANG_WARN_OBJC_ROOT_CLASS = YES_ERROR;
				CLANG_WARN_QUOTED_INCLUDE_IN_FRAMEWORK_HEADER = YES;
				CLANG_WARN_RANGE_LOOP_ANALYSIS = YES;
				CLANG_WARN_STRICT_PROTOTYPES = YES;
				CLANG_WARN_SUSPICIOUS_MOVE = YES;
				CLANG_WARN_UNGUARDED_AVAILABILITY = YES_AGGRESSIVE;
				CLANG_WARN_UNREACHABLE_CODE = YES;
				CLANG_WARN__DUPLICATE_METHOD_MATCH = YES;
				COPY_PHASE_STRIP = NO;
				DEBUG_INFORMATION_FORMAT = "dwarf-with-dsym";
				ENABLE_NS_ASSERTIONS = NO;
				ENABLE_STRICT_OBJC_MSGSEND = YES;
				GCC_C_LANGUAGE_STANDARD = gnu11;
				GCC_NO_COMMON_BLOCKS = YES;
				GCC_WARN_64_TO_32_BIT_CONVERSION = YES;
				GCC_WARN_ABOUT_RETURN_TYPE = YES_ERROR;
				GCC_WARN_UNDECLARED_SELECTOR = YES;
				GCC_WARN_UNINITIALIZED_AUTOS = YES_AGGRESSIVE;
				GCC_WARN_UNUSED_FUNCTION = YES;
				GCC_WARN_UNUSED_VARIABLE = YES;
				IPHONEOS_DEPLOYMENT_TARGET = 14.0;
				MTL_ENABLE_DEBUG_INFO = NO;
				MTL_FAST_MATH = YES;
				SDKROOT = iphoneos;
				SWIFT_COMPILATION_MODE = wholemodule;
				SWIFT_OPTIMIZATION_LEVEL = "-O";
				VALIDATE_PRODUCT = YES;
			};
			name = Release;
		};
		CFA1E5FA252D0135006B4BD1 /* Debug */ = {
			isa = XCBuildConfiguration;
			baseConfigurationReference = 7B34ED0398D2E6714DEF2E3B /* Pods-Forca.debug.xcconfig */;
			buildSettings = {
				ASSETCATALOG_COMPILER_APPICON_NAME = AppIcon;
				ASSETCATALOG_COMPILER_GLOBAL_ACCENT_COLOR_NAME = AccentColor;
				CODE_SIGN_STYLE = Automatic;
				DEVELOPMENT_TEAM = 7HRRUS88V3;
				INFOPLIST_FILE = Forca/Info.plist;
				LD_RUNPATH_SEARCH_PATHS = (
					"$(inherited)",
					"@executable_path/Frameworks",
				);
				PRODUCT_BUNDLE_IDENTIFIER = br.com.cwi.treinamento.emilio.Forca;
				PRODUCT_NAME = "$(TARGET_NAME)";
				SWIFT_VERSION = 5.0;
				TARGETED_DEVICE_FAMILY = "1,2";
			};
			name = Debug;
		};
		CFA1E5FB252D0135006B4BD1 /* Release */ = {
			isa = XCBuildConfiguration;
			baseConfigurationReference = 16086D20AE82217FD8271D34 /* Pods-Forca.release.xcconfig */;
			buildSettings = {
				ASSETCATALOG_COMPILER_APPICON_NAME = AppIcon;
				ASSETCATALOG_COMPILER_GLOBAL_ACCENT_COLOR_NAME = AccentColor;
				CODE_SIGN_STYLE = Automatic;
				DEVELOPMENT_TEAM = 7HRRUS88V3;
				INFOPLIST_FILE = Forca/Info.plist;
				LD_RUNPATH_SEARCH_PATHS = (
					"$(inherited)",
					"@executable_path/Frameworks",
				);
				PRODUCT_BUNDLE_IDENTIFIER = br.com.cwi.treinamento.emilio.Forca;
				PRODUCT_NAME = "$(TARGET_NAME)";
				SWIFT_VERSION = 5.0;
				TARGETED_DEVICE_FAMILY = "1,2";
			};
			name = Release;
		};
		CFA1E5FD252D0135006B4BD1 /* Debug */ = {
			isa = XCBuildConfiguration;
			baseConfigurationReference = 72D1F8AD3BBB439E55022815 /* Pods-ForcaTests.debug.xcconfig */;
			buildSettings = {
				ALWAYS_EMBED_SWIFT_STANDARD_LIBRARIES = YES;
				BUNDLE_LOADER = "$(TEST_HOST)";
				CODE_SIGN_STYLE = Automatic;
				DEVELOPMENT_TEAM = 7HRRUS88V3;
				INFOPLIST_FILE = ForcaTests/Info.plist;
				IPHONEOS_DEPLOYMENT_TARGET = 14.0;
				LD_RUNPATH_SEARCH_PATHS = (
					"$(inherited)",
					"@executable_path/Frameworks",
					"@loader_path/Frameworks",
				);
				PRODUCT_BUNDLE_IDENTIFIER = br.com.cwi.treinamento.emilio.ForcaTests;
				PRODUCT_NAME = "$(TARGET_NAME)";
				SWIFT_VERSION = 5.0;
				TARGETED_DEVICE_FAMILY = "1,2";
				TEST_HOST = "$(BUILT_PRODUCTS_DIR)/Forca.app/Forca";
			};
			name = Debug;
		};
		CFA1E5FE252D0135006B4BD1 /* Release */ = {
			isa = XCBuildConfiguration;
			baseConfigurationReference = CB63E8F9A8B1A9C8B6F13E11 /* Pods-ForcaTests.release.xcconfig */;
			buildSettings = {
				ALWAYS_EMBED_SWIFT_STANDARD_LIBRARIES = YES;
				BUNDLE_LOADER = "$(TEST_HOST)";
				CODE_SIGN_STYLE = Automatic;
				DEVELOPMENT_TEAM = 7HRRUS88V3;
				INFOPLIST_FILE = ForcaTests/Info.plist;
				IPHONEOS_DEPLOYMENT_TARGET = 14.0;
				LD_RUNPATH_SEARCH_PATHS = (
					"$(inherited)",
					"@executable_path/Frameworks",
					"@loader_path/Frameworks",
				);
				PRODUCT_BUNDLE_IDENTIFIER = br.com.cwi.treinamento.emilio.ForcaTests;
				PRODUCT_NAME = "$(TARGET_NAME)";
				SWIFT_VERSION = 5.0;
				TARGETED_DEVICE_FAMILY = "1,2";
				TEST_HOST = "$(BUILT_PRODUCTS_DIR)/Forca.app/Forca";
			};
			name = Release;
		};
		CFA1E600252D0135006B4BD1 /* Debug */ = {
			isa = XCBuildConfiguration;
			baseConfigurationReference = D4F178A21EE7343D1B5E4A24 /* Pods-Forca-ForcaUITests.debug.xcconfig */;
			buildSettings = {
				ALWAYS_EMBED_SWIFT_STANDARD_LIBRARIES = YES;
				CODE_SIGN_STYLE = Automatic;
				DEVELOPMENT_TEAM = 7HRRUS88V3;
				INFOPLIST_FILE = ForcaUITests/Info.plist;
				LD_RUNPATH_SEARCH_PATHS = (
					"$(inherited)",
					"@executable_path/Frameworks",
					"@loader_path/Frameworks",
				);
				PRODUCT_BUNDLE_IDENTIFIER = br.com.cwi.treinamento.emilio.ForcaUITests;
				PRODUCT_NAME = "$(TARGET_NAME)";
				SWIFT_VERSION = 5.0;
				TARGETED_DEVICE_FAMILY = "1,2";
				TEST_TARGET_NAME = Forca;
			};
			name = Debug;
		};
		CFA1E601252D0135006B4BD1 /* Release */ = {
			isa = XCBuildConfiguration;
			baseConfigurationReference = 7D0057451CE65A62664944BB /* Pods-Forca-ForcaUITests.release.xcconfig */;
			buildSettings = {
				ALWAYS_EMBED_SWIFT_STANDARD_LIBRARIES = YES;
				CODE_SIGN_STYLE = Automatic;
				DEVELOPMENT_TEAM = 7HRRUS88V3;
				INFOPLIST_FILE = ForcaUITests/Info.plist;
				LD_RUNPATH_SEARCH_PATHS = (
					"$(inherited)",
					"@executable_path/Frameworks",
					"@loader_path/Frameworks",
				);
				PRODUCT_BUNDLE_IDENTIFIER = br.com.cwi.treinamento.emilio.ForcaUITests;
				PRODUCT_NAME = "$(TARGET_NAME)";
				SWIFT_VERSION = 5.0;
				TARGETED_DEVICE_FAMILY = "1,2";
				TEST_TARGET_NAME = Forca;
			};
			name = Release;
		};
/* End XCBuildConfiguration section */

/* Begin XCConfigurationList section */
		CFA1E5CA252D0134006B4BD1 /* Build configuration list for PBXProject "Forca" */ = {
			isa = XCConfigurationList;
			buildConfigurations = (
				CFA1E5F7252D0135006B4BD1 /* Debug */,
				CFA1E5F8252D0135006B4BD1 /* Release */,
			);
			defaultConfigurationIsVisible = 0;
			defaultConfigurationName = Release;
		};
		CFA1E5F9252D0135006B4BD1 /* Build configuration list for PBXNativeTarget "Forca" */ = {
			isa = XCConfigurationList;
			buildConfigurations = (
				CFA1E5FA252D0135006B4BD1 /* Debug */,
				CFA1E5FB252D0135006B4BD1 /* Release */,
			);
			defaultConfigurationIsVisible = 0;
			defaultConfigurationName = Release;
		};
		CFA1E5FC252D0135006B4BD1 /* Build configuration list for PBXNativeTarget "ForcaTests" */ = {
			isa = XCConfigurationList;
			buildConfigurations = (
				CFA1E5FD252D0135006B4BD1 /* Debug */,
				CFA1E5FE252D0135006B4BD1 /* Release */,
			);
			defaultConfigurationIsVisible = 0;
			defaultConfigurationName = Release;
		};
		CFA1E5FF252D0135006B4BD1 /* Build configuration list for PBXNativeTarget "ForcaUITests" */ = {
			isa = XCConfigurationList;
			buildConfigurations = (
				CFA1E600252D0135006B4BD1 /* Debug */,
				CFA1E601252D0135006B4BD1 /* Release */,
			);
			defaultConfigurationIsVisible = 0;
			defaultConfigurationName = Release;
		};
/* End XCConfigurationList section */
	};
	rootObject = CFA1E5C7252D0134006B4BD1 /* Project object */;
}
